// !$*UTF8*$!
{
	archiveVersion = 1;
	classes = {
	};
	objectVersion = 46;
	objects = {

/* Begin PBXBuildFile section */
		C0260C8B1F340D89006504B3 /* main.m in Sources */ = {isa = PBXBuildFile; fileRef = C0260C8A1F340D89006504B3 /* main.m */; };
		C0260C8E1F340D89006504B3 /* AppDelegate.m in Sources */ = {isa = PBXBuildFile; fileRef = C0260C8D1F340D89006504B3 /* AppDelegate.m */; };
		C0260C911F340D89006504B3 /* ViewController.m in Sources */ = {isa = PBXBuildFile; fileRef = C0260C901F340D89006504B3 /* ViewController.m */; };
		C0260C941F340D89006504B3 /* Main.storyboard in Resources */ = {isa = PBXBuildFile; fileRef = C0260C921F340D89006504B3 /* Main.storyboard */; };
		C0260C961F340D89006504B3 /* Assets.xcassets in Resources */ = {isa = PBXBuildFile; fileRef = C0260C951F340D89006504B3 /* Assets.xcassets */; };
		C0260C991F340D89006504B3 /* LaunchScreen.storyboard in Resources */ = {isa = PBXBuildFile; fileRef = C0260C971F340D89006504B3 /* LaunchScreen.storyboard */; };
		C0260CA41F340D89006504B3 /* WavesDemoTests.m in Sources */ = {isa = PBXBuildFile; fileRef = C0260CA31F340D89006504B3 /* WavesDemoTests.m */; };
		C0260CAF1F340D89006504B3 /* WavesDemoUITests.m in Sources */ = {isa = PBXBuildFile; fileRef = C0260CAE1F340D89006504B3 /* WavesDemoUITests.m */; };
/* End PBXBuildFile section */

/* Begin PBXContainerItemProxy section */
		C0260CA01F340D89006504B3 /* PBXContainerItemProxy */ = {
			isa = PBXContainerItemProxy;
			containerPortal = C0260C7E1F340D89006504B3 /* Project object */;
			proxyType = 1;
			remoteGlobalIDString = C0260C851F340D89006504B3;
			remoteInfo = WavesDemo;
		};
		C0260CAB1F340D89006504B3 /* PBXContainerItemProxy */ = {
			isa = PBXContainerItemProxy;
			containerPortal = C0260C7E1F340D89006504B3 /* Project object */;
			proxyType = 1;
			remoteGlobalIDString = C0260C851F340D89006504B3;
			remoteInfo = WavesDemo;
		};
/* End PBXContainerItemProxy section */

/* Begin PBXFileReference section */
		C0260C861F340D89006504B3 /* WavesDemo.app */ = {isa = PBXFileReference; explicitFileType = wrapper.application; includeInIndex = 0; path = WavesDemo.app; sourceTree = BUILT_PRODUCTS_DIR; };
		C0260C8A1F340D89006504B3 /* main.m */ = {isa = PBXFileReference; lastKnownFileType = sourcecode.c.objc; path = main.m; sourceTree = "<group>"; };
		C0260C8C1F340D89006504B3 /* AppDelegate.h */ = {isa = PBXFileReference; lastKnownFileType = sourcecode.c.h; path = AppDelegate.h; sourceTree = "<group>"; };
		C0260C8D1F340D89006504B3 /* AppDelegate.m */ = {isa = PBXFileReference; lastKnownFileType = sourcecode.c.objc; path = AppDelegate.m; sourceTree = "<group>"; };
		C0260C8F1F340D89006504B3 /* ViewController.h */ = {isa = PBXFileReference; lastKnownFileType = sourcecode.c.h; path = ViewController.h; sourceTree = "<group>"; };
		C0260C901F340D89006504B3 /* ViewController.m */ = {isa = PBXFileReference; lastKnownFileType = sourcecode.c.objc; path = ViewController.m; sourceTree = "<group>"; };
		C0260C931F340D89006504B3 /* Base */ = {isa = PBXFileReference; lastKnownFileType = file.storyboard; name = Base; path = Base.lproj/Main.storyboard; sourceTree = "<group>"; };
		C0260C951F340D89006504B3 /* Assets.xcassets */ = {isa = PBXFileReference; lastKnownFileType = folder.assetcatalog; path = Assets.xcassets; sourceTree = "<group>"; };
		C0260C981F340D89006504B3 /* Base */ = {isa = PBXFileReference; lastKnownFileType = file.storyboard; name = Base; path = Base.lproj/LaunchScreen.storyboard; sourceTree = "<group>"; };
		C0260C9A1F340D89006504B3 /* Info.plist */ = {isa = PBXFileReference; lastKnownFileType = text.plist.xml; path = Info.plist; sourceTree = "<group>"; };
		C0260C9F1F340D89006504B3 /* WavesDemoTests.xctest */ = {isa = PBXFileReference; explicitFileType = wrapper.cfbundle; includeInIndex = 0; path = WavesDemoTests.xctest; sourceTree = BUILT_PRODUCTS_DIR; };
		C0260CA31F340D89006504B3 /* WavesDemoTests.m */ = {isa = PBXFileReference; lastKnownFileType = sourcecode.c.objc; path = WavesDemoTests.m; sourceTree = "<group>"; };
		C0260CA51F340D89006504B3 /* Info.plist */ = {isa = PBXFileReference; lastKnownFileType = text.plist.xml; path = Info.plist; sourceTree = "<group>"; };
		C0260CAA1F340D89006504B3 /* WavesDemoUITests.xctest */ = {isa = PBXFileReference; explicitFileType = wrapper.cfbundle; includeInIndex = 0; path = WavesDemoUITests.xctest; sourceTree = BUILT_PRODUCTS_DIR; };
		C0260CAE1F340D89006504B3 /* WavesDemoUITests.m */ = {isa = PBXFileReference; lastKnownFileType = sourcecode.c.objc; path = WavesDemoUITests.m; sourceTree = "<group>"; };
		C0260CB01F340D89006504B3 /* Info.plist */ = {isa = PBXFileReference; lastKnownFileType = text.plist.xml; path = Info.plist; sourceTree = "<group>"; };
/* End PBXFileReference section */

/* Begin PBXFrameworksBuildPhase section */
		C0260C831F340D89006504B3 /* Frameworks */ = {
			isa = PBXFrameworksBuildPhase;
			buildActionMask = 2147483647;
			files = (
			);
			runOnlyForDeploymentPostprocessing = 0;
		};
		C0260C9C1F340D89006504B3 /* Frameworks */ = {
			isa = PBXFrameworksBuildPhase;
			buildActionMask = 2147483647;
			files = (
			);
			runOnlyForDeploymentPostprocessing = 0;
		};
		C0260CA71F340D89006504B3 /* Frameworks */ = {
			isa = PBXFrameworksBuildPhase;
			buildActionMask = 2147483647;
			files = (
			);
			runOnlyForDeploymentPostprocessing = 0;
		};
/* End PBXFrameworksBuildPhase section */

/* Begin PBXGroup section */
		C0260C7D1F340D89006504B3 = {
			isa = PBXGroup;
			children = (
				C0260C881F340D89006504B3 /* WavesDemo */,
				C0260CA21F340D89006504B3 /* WavesDemoTests */,
				C0260CAD1F340D89006504B3 /* WavesDemoUITests */,
				C0260C871F340D89006504B3 /* Products */,
			);
			sourceTree = "<group>";
		};
		C0260C871F340D89006504B3 /* Products */ = {
			isa = PBXGroup;
			children = (
				C0260C861F340D89006504B3 /* WavesDemo.app */,
				C0260C9F1F340D89006504B3 /* WavesDemoTests.xctest */,
				C0260CAA1F340D89006504B3 /* WavesDemoUITests.xctest */,
			);
			name = Products;
			sourceTree = "<group>";
		};
		C0260C881F340D89006504B3 /* WavesDemo */ = {
			isa = PBXGroup;
			children = (
				C0260C8C1F340D89006504B3 /* AppDelegate.h */,
				C0260C8D1F340D89006504B3 /* AppDelegate.m */,
				C0260C8F1F340D89006504B3 /* ViewController.h */,
				C0260C901F340D89006504B3 /* ViewController.m */,
				C0260C921F340D89006504B3 /* Main.storyboard */,
				C0260C951F340D89006504B3 /* Assets.xcassets */,
				C0260C971F340D89006504B3 /* LaunchScreen.storyboard */,
				C0260C9A1F340D89006504B3 /* Info.plist */,
				C0260C891F340D89006504B3 /* Supporting Files */,
			);
			path = WavesDemo;
			sourceTree = "<group>";
		};
		C0260C891F340D89006504B3 /* Supporting Files */ = {
			isa = PBXGroup;
			children = (
				C0260C8A1F340D89006504B3 /* main.m */,
			);
			name = "Supporting Files";
			sourceTree = "<group>";
		};
		C0260CA21F340D89006504B3 /* WavesDemoTests */ = {
			isa = PBXGroup;
			children = (
				C0260CA31F340D89006504B3 /* WavesDemoTests.m */,
				C0260CA51F340D89006504B3 /* Info.plist */,
			);
			path = WavesDemoTests;
			sourceTree = "<group>";
		};
		C0260CAD1F340D89006504B3 /* WavesDemoUITests */ = {
			isa = PBXGroup;
			children = (
				C0260CAE1F340D89006504B3 /* WavesDemoUITests.m */,
				C0260CB01F340D89006504B3 /* Info.plist */,
			);
			path = WavesDemoUITests;
			sourceTree = "<group>";
		};
/* End PBXGroup section */

/* Begin PBXNativeTarget section */
		C0260C851F340D89006504B3 /* WavesDemo */ = {
			isa = PBXNativeTarget;
			buildConfigurationList = C0260CB31F340D89006504B3 /* Build configuration list for PBXNativeTarget "WavesDemo" */;
			buildPhases = (
				C0260C821F340D89006504B3 /* Sources */,
				C0260C831F340D89006504B3 /* Frameworks */,
				C0260C841F340D89006504B3 /* Resources */,
			);
			buildRules = (
			);
			dependencies = (
			);
			name = WavesDemo;
			productName = WavesDemo;
			productReference = C0260C861F340D89006504B3 /* WavesDemo.app */;
			productType = "com.apple.product-type.application";
		};
		C0260C9E1F340D89006504B3 /* WavesDemoTests */ = {
			isa = PBXNativeTarget;
			buildConfigurationList = C0260CB61F340D89006504B3 /* Build configuration list for PBXNativeTarget "WavesDemoTests" */;
			buildPhases = (
				C0260C9B1F340D89006504B3 /* Sources */,
				C0260C9C1F340D89006504B3 /* Frameworks */,
				C0260C9D1F340D89006504B3 /* Resources */,
			);
			buildRules = (
			);
			dependencies = (
				C0260CA11F340D89006504B3 /* PBXTargetDependency */,
			);
			name = WavesDemoTests;
			productName = WavesDemoTests;
			productReference = C0260C9F1F340D89006504B3 /* WavesDemoTests.xctest */;
			productType = "com.apple.product-type.bundle.unit-test";
		};
		C0260CA91F340D89006504B3 /* WavesDemoUITests */ = {
			isa = PBXNativeTarget;
			buildConfigurationList = C0260CB91F340D89006504B3 /* Build configuration list for PBXNativeTarget "WavesDemoUITests" */;
			buildPhases = (
				C0260CA61F340D89006504B3 /* Sources */,
				C0260CA71F340D89006504B3 /* Frameworks */,
				C0260CA81F340D89006504B3 /* Resources */,
			);
			buildRules = (
			);
			dependencies = (
				C0260CAC1F340D89006504B3 /* PBXTargetDependency */,
			);
			name = WavesDemoUITests;
			productName = WavesDemoUITests;
			productReference = C0260CAA1F340D89006504B3 /* WavesDemoUITests.xctest */;
			productType = "com.apple.product-type.bundle.ui-testing";
		};
/* End PBXNativeTarget section */

/* Begin PBXProject section */
		C0260C7E1F340D89006504B3 /* Project object */ = {
			isa = PBXProject;
			attributes = {
				LastUpgradeCheck = 0830;
				ORGANIZATIONNAME = Zeus;
				TargetAttributes = {
					C0260C851F340D89006504B3 = {
						CreatedOnToolsVersion = 8.3;
						ProvisioningStyle = Automatic;
					};
					C0260C9E1F340D89006504B3 = {
						CreatedOnToolsVersion = 8.3;
						ProvisioningStyle = Automatic;
						TestTargetID = C0260C851F340D89006504B3;
					};
					C0260CA91F340D89006504B3 = {
						CreatedOnToolsVersion = 8.3;
						ProvisioningStyle = Automatic;
						TestTargetID = C0260C851F340D89006504B3;
					};
				};
			};
			buildConfigurationList = C0260C811F340D89006504B3 /* Build configuration list for PBXProject "WavesDemo" */;
			compatibilityVersion = "Xcode 3.2";
			developmentRegion = English;
			hasScannedForEncodings = 0;
			knownRegions = (
				en,
				Base,
			);
			mainGroup = C0260C7D1F340D89006504B3;
			productRefGroup = C0260C871F340D89006504B3 /* Products */;
			projectDirPath = "";
			projectRoot = "";
			targets = (
				C0260C851F340D89006504B3 /* WavesDemo */,
				C0260C9E1F340D89006504B3 /* WavesDemoTests */,
				C0260CA91F340D89006504B3 /* WavesDemoUITests */,
			);
		};
/* End PBXProject section */

/* Begin PBXResourcesBuildPhase section */
		C0260C841F340D89006504B3 /* Resources */ = {
			isa = PBXResourcesBuildPhase;
			buildActionMask = 2147483647;
			files = (
				C0260C991F340D89006504B3 /* LaunchScreen.storyboard in Resources */,
				C0260C961F340D89006504B3 /* Assets.xcassets in Resources */,
				C0260C941F340D89006504B3 /* Main.storyboard in Resources */,
			);
			runOnlyForDeploymentPostprocessing = 0;
		};
		C0260C9D1F340D89006504B3 /* Resources */ = {
			isa = PBXResourcesBuildPhase;
			buildActionMask = 2147483647;
			files = (
			);
			runOnlyForDeploymentPostprocessing = 0;
		};
		C0260CA81F340D89006504B3 /* Resources */ = {
			isa = PBXResourcesBuildPhase;
			buildActionMask = 2147483647;
			files = (
			);
			runOnlyForDeploymentPostprocessing = 0;
		};
/* End PBXResourcesBuildPhase section */

/* Begin PBXSourcesBuildPhase section */
		C0260C821F340D89006504B3 /* Sources */ = {
			isa = PBXSourcesBuildPhase;
			buildActionMask = 2147483647;
			files = (
				C0260C911F340D89006504B3 /* ViewController.m in Sources */,
				C0260C8E1F340D89006504B3 /* AppDelegate.m in Sources */,
				C0260C8B1F340D89006504B3 /* main.m in Sources */,
			);
			runOnlyForDeploymentPostprocessing = 0;
		};
		C0260C9B1F340D89006504B3 /* Sources */ = {
			isa = PBXSourcesBuildPhase;
			buildActionMask = 2147483647;
			files = (
				C0260CA41F340D89006504B3 /* WavesDemoTests.m in Sources */,
			);
			runOnlyForDeploymentPostprocessing = 0;
		};
		C0260CA61F340D89006504B3 /* Sources */ = {
			isa = PBXSourcesBuildPhase;
			buildActionMask = 2147483647;
			files = (
				C0260CAF1F340D89006504B3 /* WavesDemoUITests.m in Sources */,
			);
			runOnlyForDeploymentPostprocessing = 0;
		};
/* End PBXSourcesBuildPhase section */

/* Begin PBXTargetDependency section */
		C0260CA11F340D89006504B3 /* PBXTargetDependency */ = {
			isa = PBXTargetDependency;
			target = C0260C851F340D89006504B3 /* WavesDemo */;
			targetProxy = C0260CA01F340D89006504B3 /* PBXContainerItemProxy */;
		};
		C0260CAC1F340D89006504B3 /* PBXTargetDependency */ = {
			isa = PBXTargetDependency;
			target = C0260C851F340D89006504B3 /* WavesDemo */;
			targetProxy = C0260CAB1F340D89006504B3 /* PBXContainerItemProxy */;
		};
/* End PBXTargetDependency section */

/* Begin PBXVariantGroup section */
		C0260C921F340D89006504B3 /* Main.storyboard */ = {
			isa = PBXVariantGroup;
			children = (
				C0260C931F340D89006504B3 /* Base */,
			);
			name = Main.storyboard;
			sourceTree = "<group>";
		};
		C0260C971F340D89006504B3 /* LaunchScreen.storyboard */ = {
			isa = PBXVariantGroup;
			children = (
				C0260C981F340D89006504B3 /* Base */,
			);
			name = LaunchScreen.storyboard;
			sourceTree = "<group>";
		};
/* End PBXVariantGroup section */

/* Begin XCBuildConfiguration section */
		C0260CB11F340D89006504B3 /* Debug */ = {
			isa = XCBuildConfiguration;
			buildSettings = {
				ALWAYS_SEARCH_USER_PATHS = NO;
				CLANG_ANALYZER_NONNULL = YES;
				CLANG_ANALYZER_NUMBER_OBJECT_CONVERSION = YES_AGGRESSIVE;
				CLANG_CXX_LANGUAGE_STANDARD = "gnu++0x";
				CLANG_CXX_LIBRARY = "libc++";
				CLANG_ENABLE_MODULES = YES;
				CLANG_ENABLE_OBJC_ARC = YES;
				CLANG_WARN_BOOL_CONVERSION = YES;
				CLANG_WARN_CONSTANT_CONVERSION = YES;
				CLANG_WARN_DIRECT_OBJC_ISA_USAGE = YES_ERROR;
				CLANG_WARN_DOCUMENTATION_COMMENTS = YES;
				CLANG_WARN_EMPTY_BODY = YES;
				CLANG_WARN_ENUM_CONVERSION = YES;
				CLANG_WARN_INFINITE_RECURSION = YES;
				CLANG_WARN_INT_CONVERSION = YES;
				CLANG_WARN_OBJC_ROOT_CLASS = YES_ERROR;
				CLANG_WARN_SUSPICIOUS_MOVE = YES;
				CLANG_WARN_UNREACHABLE_CODE = YES;
				CLANG_WARN__DUPLICATE_METHOD_MATCH = YES;
				"CODE_SIGN_IDENTITY[sdk=iphoneos*]" = "iPhone Developer";
				COPY_PHASE_STRIP = NO;
				DEBUG_INFORMATION_FORMAT = dwarf;
				ENABLE_STRICT_OBJC_MSGSEND = YES;
				ENABLE_TESTABILITY = YES;
				GCC_C_LANGUAGE_STANDARD = gnu99;
				GCC_DYNAMIC_NO_PIC = NO;
				GCC_NO_COMMON_BLOCKS = YES;
				GCC_OPTIMIZATION_LEVEL = 0;
				GCC_PREPROCESSOR_DEFINITIONS = (
					"DEBUG=1",
					"$(inherited)",
				);
				GCC_WARN_64_TO_32_BIT_CONVERSION = YES;
				GCC_WARN_ABOUT_RETURN_TYPE = YES_ERROR;
				GCC_WARN_UNDECLARED_SELECTOR = YES;
				GCC_WARN_UNINITIALIZED_AUTOS = YES_AGGRESSIVE;
				GCC_WARN_UNUSED_FUNCTION = YES;
				GCC_WARN_UNUSED_VARIABLE = YES;
				IPHONEOS_DEPLOYMENT_TARGET = 10.3;
				MTL_ENABLE_DEBUG_INFO = YES;
				ONLY_ACTIVE_ARCH = YES;
				SDKROOT = iphoneos;
			};
			name = Debug;
		};
		C0260CB21F340D89006504B3 /* Release */ = {
			isa = XCBuildConfiguration;
			buildSettings = {
				ALWAYS_SEARCH_USER_PATHS = NO;
				CLANG_ANALYZER_NONNULL = YES;
				CLANG_ANALYZER_NUMBER_OBJECT_CONVERSION = YES_AGGRESSIVE;
				CLANG_CXX_LANGUAGE_STANDARD = "gnu++0x";
				CLANG_CXX_LIBRARY = "libc++";
				CLANG_ENABLE_MODULES = YES;
				CLANG_ENABLE_OBJC_ARC = YES;
				CLANG_WARN_BOOL_CONVERSION = YES;
				CLANG_WARN_CONSTANT_CONVERSION = YES;
				CLANG_WARN_DIRECT_OBJC_ISA_USAGE = YES_ERROR;
				CLANG_WARN_DOCUMENTATION_COMMENTS = YES;
				CLANG_WARN_EMPTY_BODY = YES;
				CLANG_WARN_ENUM_CONVERSION = YES;
				CLANG_WARN_INFINITE_RECURSION = YES;
				CLANG_WARN_INT_CONVERSION = YES;
				CLANG_WARN_OBJC_ROOT_CLASS = YES_ERROR;
				CLANG_WARN_SUSPICIOUS_MOVE = YES;
				CLANG_WARN_UNREACHABLE_CODE = YES;
				CLANG_WARN__DUPLICATE_METHOD_MATCH = YES;
				"CODE_SIGN_IDENTITY[sdk=iphoneos*]" = "iPhone Developer";
				COPY_PHASE_STRIP = NO;
				DEBUG_INFORMATION_FORMAT = "dwarf-with-dsym";
				ENABLE_NS_ASSERTIONS = NO;
				ENABLE_STRICT_OBJC_MSGSEND = YES;
				GCC_C_LANGUAGE_STANDARD = gnu99;
				GCC_NO_COMMON_BLOCKS = YES;
				GCC_WARN_64_TO_32_BIT_CONVERSION = YES;
				GCC_WARN_ABOUT_RETURN_TYPE = YES_ERROR;
				GCC_WARN_UNDECLARED_SELECTOR = YES;
				GCC_WARN_UNINITIALIZED_AUTOS = YES_AGGRESSIVE;
				GCC_WARN_UNUSED_FUNCTION = YES;
				GCC_WARN_UNUSED_VARIABLE = YES;
				IPHONEOS_DEPLOYMENT_TARGET = 10.3;
				MTL_ENABLE_DEBUG_INFO = NO;
				SDKROOT = iphoneos;
				VALIDATE_PRODUCT = YES;
			};
			name = Release;
		};
		C0260CB41F340D89006504B3 /* Debug */ = {
			isa = XCBuildConfiguration;
			buildSettings = {
				ASSETCATALOG_COMPILER_APPICON_NAME = AppIcon;
				INFOPLIST_FILE = WavesDemo/Info.plist;
				LD_RUNPATH_SEARCH_PATHS = "$(inherited) @executable_path/Frameworks";
				PRODUCT_BUNDLE_IDENTIFIER = cn.Zeus.WavesDemo;
				PRODUCT_NAME = "$(TARGET_NAME)";
			};
			name = Debug;
		};
		C0260CB51F340D89006504B3 /* Release */ = {
			isa = XCBuildConfiguration;
			buildSettings = {
				ASSETCATALOG_COMPILER_APPICON_NAME = AppIcon;
				INFOPLIST_FILE = WavesDemo/Info.plist;
				LD_RUNPATH_SEARCH_PATHS = "$(inherited) @executable_path/Frameworks";
				PRODUCT_BUNDLE_IDENTIFIER = cn.Zeus.WavesDemo;
				PRODUCT_NAME = "$(TARGET_NAME)";
			};
			name = Release;
		};
		C0260CB71F340D89006504B3 /* Debug */ = {
			isa = XCBuildConfiguration;
			buildSettings = {
				BUNDLE_LOADER = "$(TEST_HOST)";
				INFOPLIST_FILE = WavesDemoTests/Info.plist;
				LD_RUNPATH_SEARCH_PATHS = "$(inherited) @executable_path/Frameworks @loader_path/Frameworks";
				PRODUCT_BUNDLE_IDENTIFIER = cn.Zeus.WavesDemoTests;
				PRODUCT_NAME = "$(TARGET_NAME)";
				TEST_HOST = "$(BUILT_PRODUCTS_DIR)/WavesDemo.app/WavesDemo";
			};
			name = Debug;
		};
		C0260CB81F340D89006504B3 /* Release */ = {
			isa = XCBuildConfiguration;
			buildSettings = {
				BUNDLE_LOADER = "$(TEST_HOST)";
				INFOPLIST_FILE = WavesDemoTests/Info.plist;
				LD_RUNPATH_SEARCH_PATHS = "$(inherited) @executable_path/Frameworks @loader_path/Frameworks";
				PRODUCT_BUNDLE_IDENTIFIER = cn.Zeus.WavesDemoTests;
				PRODUCT_NAME = "$(TARGET_NAME)";
				TEST_HOST = "$(BUILT_PRODUCTS_DIR)/WavesDemo.app/WavesDemo";
			};
			name = Release;
		};
		C0260CBA1F340D89006504B3 /* Debug */ = {
			isa = XCBuildConfiguration;
			buildSettings = {
				INFOPLIST_FILE = WavesDemoUITests/Info.plist;
				LD_RUNPATH_SEARCH_PATHS = "$(inherited) @executable_path/Frameworks @loader_path/Frameworks";
				PRODUCT_BUNDLE_IDENTIFIER = cn.Zeus.WavesDemoUITests;
				PRODUCT_NAME = "$(TARGET_NAME)";
				TEST_TARGET_NAME = WavesDemo;
			};
			name = Debug;
		};
		C0260CBB1F340D89006504B3 /* Release */ = {
			isa = XCBuildConfiguration;
			buildSettings = {
				INFOPLIST_FILE = WavesDemoUITests/Info.plist;
				LD_RUNPATH_SEARCH_PATHS = "$(inherited) @executable_path/Frameworks @loader_path/Frameworks";
				PRODUCT_BUNDLE_IDENTIFIER = cn.Zeus.WavesDemoUITests;
				PRODUCT_NAME = "$(TARGET_NAME)";
				TEST_TARGET_NAME = WavesDemo;
			};
			name = Release;
		};
/* End XCBuildConfiguration section */

/* Begin XCConfigurationList section */
		C0260C811F340D89006504B3 /* Build configuration list for PBXProject "WavesDemo" */ = {
			isa = XCConfigurationList;
			buildConfigurations = (
				C0260CB11F340D89006504B3 /* Debug */,
				C0260CB21F340D89006504B3 /* Release */,
			);
			defaultConfigurationIsVisible = 0;
			defaultConfigurationName = Release;
		};
		C0260CB31F340D89006504B3 /* Build configuration list for PBXNativeTarget "WavesDemo" */ = {
			isa = XCConfigurationList;
			buildConfigurations = (
				C0260CB41F340D89006504B3 /* Debug */,
				C0260CB51F340D89006504B3 /* Release */,
			);
			defaultConfigurationIsVisible = 0;
		};
		C0260CB61F340D89006504B3 /* Build configuration list for PBXNativeTarget "WavesDemoTests" */ = {
			isa = XCConfigurationList;
			buildConfigurations = (
				C0260CB71F340D89006504B3 /* Debug */,
				C0260CB81F340D89006504B3 /* Release */,
			);
			defaultConfigurationIsVisible = 0;
		};
		C0260CB91F340D89006504B3 /* Build configuration list for PBXNativeTarget "WavesDemoUITests" */ = {
			isa = XCConfigurationList;
			buildConfigurations = (
				C0260CBA1F340D89006504B3 /* Debug */,
				C0260CBB1F340D89006504B3 /* Release */,
			);
			defaultConfigurationIsVisible = 0;
		};
/* End XCConfigurationList section */
	};
	rootObject = C0260C7E1F340D89006504B3 /* Project object */;
}
